{
  "requires": true,
  "lockfileVersion": 1,
  "dependencies": {
    "@remix-run/router": {
      "version": "1.7.0",
      "resolved": "https://registry.npmjs.org/@remix-run/router/-/router-1.7.0.tgz",
      "integrity": "sha512-Eu1V3kz3mV0wUpVTiFHuaT8UD1gj/0VnoFHQYX35xlslQUpe8CuYoKFn9d4WZFHm3yDywz6ALZuGdnUPKrNeAw=="
    },
    "react-router": {
      "version": "6.14.0",
      "resolved": "https://registry.npmjs.org/react-router/-/react-router-6.14.0.tgz",
      "integrity": "sha512-OD+vkrcGbvlwkspUFDgMzsu1RXwdjNh83YgG/28lBnDzgslhCgxIqoExLlxsfTpIygp7fc+Hd3esloNwzkm2xA==",
      "requires": {
        "@remix-run/router": "1.7.0"
      }
    },
    "react-router-dom": {
      "version": "6.14.0",
      "resolved": "https://registry.npmjs.org/react-router-dom/-/react-router-dom-6.14.0.tgz",
      "integrity": "sha512-YEwlApKwzMMMbGbhh+Q7MsloTldcwMgHxUY/1g0uA62+B1hZo2jsybCWIDCL8zvIDB1FA0pBKY9chHbZHt+2dQ==",
      "requires": {
        "@remix-run/router": "1.7.0",
        "react-router": "6.14.0"
      }
    }
  }
}
